
Microsoft Visual Studio Solution File, Format Version 12.00
# Visual Studio 14
VisualStudioVersion = 14.0.24720.0
MinimumVisualStudioVersion = 10.0.40219.1
Project("{FAE04EC0-301F-11D3-BF4B-00C04F79EFBC}") = "POS.Web", "POS.Web\POS.Web.csproj", "{D8FC65B1-1619-4EC8-A5A9-DE9ED979F4C7}"
EndProject
Project("{FAE04EC0-301F-11D3-BF4B-00C04F79EFBC}") = "POS.Business", "POS.Business\POS.Business.csproj", "{FA36D0C7-AA6F-449D-BF9F-BB14F118AE7D}"
EndProject
Project("{FAE04EC0-301F-11D3-BF4B-00C04F79EFBC}") = "POS.Util", "POS.Util\POS.Util.csproj", "{1FDC311E-B122-4C66-91E3-5653A6C26F75}"
EndProject
Project("{FAE04EC0-301F-11D3-BF4B-00C04F79EFBC}") = "POS.Repository", "POS.Repository\POS.Repository.csproj", "{1C5E5806-96E2-4735-AD55-10F97896E009}"
EndProject
Project("{FAE04EC0-301F-11D3-BF4B-00C04F79EFBC}") = "POS.Entity", "POS.Entity\POS.Entity.csproj", "{EE935FBE-F10A-46ED-853D-48173BEDA900}"
EndProject
Global
	GlobalSection(SolutionConfigurationPlatforms) = preSolution
		Debug|Any CPU = Debug|Any CPU
		Release|Any CPU = Release|Any CPU
	EndGlobalSection
	GlobalSection(ProjectConfigurationPlatforms) = postSolution
		{D8FC65B1-1619-4EC8-A5A9-DE9ED979F4C7}.Debug|Any CPU.ActiveCfg = Debug|Any CPU
		{D8FC65B1-1619-4EC8-A5A9-DE9ED979F4C7}.Debug|Any CPU.Build.0 = Debug|Any CPU
		{D8FC65B1-1619-4EC8-A5A9-DE9ED979F4C7}.Release|Any CPU.ActiveCfg = Release|Any CPU
		{D8FC65B1-1619-4EC8-A5A9-DE9ED979F4C7}.Release|Any CPU.Build.0 = Release|Any CPU
		{FA36D0C7-AA6F-449D-BF9F-BB14F118AE7D}.Debug|Any CPU.ActiveCfg = Debug|Any CPU
		{FA36D0C7-AA6F-449D-BF9F-BB14F118AE7D}.Debug|Any CPU.Build.0 = Debug|Any CPU
		{FA36D0C7-AA6F-449D-BF9F-BB14F118AE7D}.Release|Any CPU.ActiveCfg = Release|Any CPU
		{FA36D0C7-AA6F-449D-BF9F-BB14F118AE7D}.Release|Any CPU.Build.0 = Release|Any CPU
		{1FDC311E-B122-4C66-91E3-5653A6C26F75}.Debug|Any CPU.ActiveCfg = Debug|Any CPU
		{1FDC311E-B122-4C66-91E3-5653A6C26F75}.Debug|Any CPU.Build.0 = Debug|Any CPU
		{1FDC311E-B122-4C66-91E3-5653A6C26F75}.Release|Any CPU.ActiveCfg = Release|Any CPU
		{1FDC311E-B122-4C66-91E3-5653A6C26F75}.Release|Any CPU.Build.0 = Release|Any CPU
		{1C5E5806-96E2-4735-AD55-10F97896E009}.Debug|Any CPU.ActiveCfg = Debug|Any CPU
		{1C5E5806-96E2-4735-AD55-10F97896E009}.Debug|Any CPU.Build.0 = Debug|Any CPU
		{1C5E5806-96E2-4735-AD55-10F97896E009}.Release|Any CPU.ActiveCfg = Release|Any CPU
		{1C5E5806-96E2-4735-AD55-10F97896E009}.Release|Any CPU.Build.0 = Release|Any CPU
		{EE935FBE-F10A-46ED-853D-48173BEDA900}.Debug|Any CPU.ActiveCfg = Debug|Any CPU
		{EE935FBE-F10A-46ED-853D-48173BEDA900}.Debug|Any CPU.Build.0 = Debug|Any CPU
		{EE935FBE-F10A-46ED-853D-48173BEDA900}.Release|Any CPU.ActiveCfg = Release|Any CPU
		{EE935FBE-F10A-46ED-853D-48173BEDA900}.Release|Any CPU.Build.0 = Release|Any CPU
	EndGlobalSection
	GlobalSection(SolutionProperties) = preSolution
		HideSolutionNode = FALSE
	EndGlobalSection
EndGlobal
